{
  "object": {
    "pins": [
      {
        "package": "ComposableArchitecture",
        "repositoryURL": "https://github.com/oskarek/ComposableArchitecture.git",
        "state": {
          "branch": "master",
          "revision": "af1c10b34512a5eb7d97b6aece5a1c32e91114b6",
          "version": null
        }
      },
      {
        "package": "CasePaths",
        "repositoryURL": "https://github.com/pointfreeco/swift-case-paths.git",
        "state": {
          "branch": null,
          "revision": "a9c1e05518b6d95cf5844d823020376f2b6ff842",
          "version": "0.1.0"
        }
      },
      {
        "package": "Overture",
        "repositoryURL": "https://github.com/pointfreeco/swift-overture.git",
        "state": {
          "branch": null,
          "revision": "7977acd7597f413717058acc1e080731249a1d7e",
          "version": "0.5.0"
        }
      }
    ]
  },
  "version": 1
}
