{
  "object": {
    "pins": [
      {
        "package": "ComposableArchitecture",
        "repositoryURL": "https://github.com/oskarek/ComposableArchitecture.git",
        "state": {
          "branch": "master",
          "revision": "80af27e9de376181fd3676db1330539334bcfcd4",
          "version": null
        }
      },
      {
        "package": "Overture",
        "repositoryURL": "https://github.com/pointfreeco/swift-overture.git",
        "state": {
          "branch": null,
          "revision": "7977acd7597f413717058acc1e080731249a1d7e",
          "version": "0.5.0"
        }
      }
    ]
  },
  "version": 1
}
