// !$*UTF8*$!
{
	archiveVersion = 1;
	classes = {
	};
	objectVersion = 52;
	objects = {

/* Begin PBXBuildFile section */
		FF3F94B9249933EB00EB8FE0 /* ComposableArchitecture in Frameworks */ = {isa = PBXBuildFile; productRef = FF3F94B8249933EB00EB8FE0 /* ComposableArchitecture */; };
		FF7AA688238AE31500447827 /* Overture in Frameworks */ = {isa = PBXBuildFile; productRef = FF7AA687238AE31500447827 /* Overture */; };
		FF89C74F2383CCDE00B87586 /* AppDelegate.swift in Sources */ = {isa = PBXBuildFile; fileRef = FF89C74E2383CCDE00B87586 /* AppDelegate.swift */; };
		FF89C7512383CCDE00B87586 /* SceneDelegate.swift in Sources */ = {isa = PBXBuildFile; fileRef = FF89C7502383CCDE00B87586 /* SceneDelegate.swift */; };
		FF89C7532383CCDE00B87586 /* ContentView.swift in Sources */ = {isa = PBXBuildFile; fileRef = FF89C7522383CCDE00B87586 /* ContentView.swift */; };
		FF89C7552383CCDF00B87586 /* Assets.xcassets in Resources */ = {isa = PBXBuildFile; fileRef = FF89C7542383CCDF00B87586 /* Assets.xcassets */; };
		FF89C7582383CCDF00B87586 /* Preview Assets.xcassets in Resources */ = {isa = PBXBuildFile; fileRef = FF89C7572383CCDF00B87586 /* Preview Assets.xcassets */; };
		FF89C75B2383CCDF00B87586 /* LaunchScreen.storyboard in Resources */ = {isa = PBXBuildFile; fileRef = FF89C7592383CCDF00B87586 /* LaunchScreen.storyboard */; };
		FF89C7662383CCDF00B87586 /* MoviehubTests.swift in Sources */ = {isa = PBXBuildFile; fileRef = FF89C7652383CCDF00B87586 /* MoviehubTests.swift */; };
		FFAEDD912384271D0021DD59 /* Store.swift in Sources */ = {isa = PBXBuildFile; fileRef = FFAEDD902384271D0021DD59 /* Store.swift */; };
		FFCF38B123F990FC00C4617D /* AppEnvironment.swift in Sources */ = {isa = PBXBuildFile; fileRef = FFCF38B023F990FC00C4617D /* AppEnvironment.swift */; };
		FFD1ACE923FBED6F00ED9F7E /* MoviehubAPI in Frameworks */ = {isa = PBXBuildFile; productRef = FFD1ACE823FBED6F00ED9F7E /* MoviehubAPI */; };
		FFD1ACEB23FBED8700ED9F7E /* MoviehubTypes in Frameworks */ = {isa = PBXBuildFile; productRef = FFD1ACEA23FBED8700ED9F7E /* MoviehubTypes */; };
		FFD1ACED23FBED9700ED9F7E /* MoviehubSearch in Frameworks */ = {isa = PBXBuildFile; productRef = FFD1ACEC23FBED9700ED9F7E /* MoviehubSearch */; };
/* End PBXBuildFile section */

/* Begin PBXContainerItemProxy section */
		FF89C7622383CCDF00B87586 /* PBXContainerItemProxy */ = {
			isa = PBXContainerItemProxy;
			containerPortal = FF89C7432383CCDE00B87586 /* Project object */;
			proxyType = 1;
			remoteGlobalIDString = FF89C74A2383CCDE00B87586;
			remoteInfo = Moviehub;
		};
/* End PBXContainerItemProxy section */

/* Begin PBXCopyFilesBuildPhase section */
		FF3DB63A2461560D00E9B67B /* Embed Frameworks */ = {
			isa = PBXCopyFilesBuildPhase;
			buildActionMask = 2147483647;
			dstPath = "";
			dstSubfolderSpec = 10;
			files = (
			);
			name = "Embed Frameworks";
			runOnlyForDeploymentPostprocessing = 0;
		};
		FF89C78F2383CE5200B87586 /* Embed Frameworks */ = {
			isa = PBXCopyFilesBuildPhase;
			buildActionMask = 2147483647;
			dstPath = "";
			dstSubfolderSpec = 10;
			files = (
			);
			name = "Embed Frameworks";
			runOnlyForDeploymentPostprocessing = 0;
		};
/* End PBXCopyFilesBuildPhase section */

/* Begin PBXFileReference section */
		FF89C74B2383CCDE00B87586 /* Moviehub.app */ = {isa = PBXFileReference; explicitFileType = wrapper.application; includeInIndex = 0; path = Moviehub.app; sourceTree = BUILT_PRODUCTS_DIR; };
		FF89C74E2383CCDE00B87586 /* AppDelegate.swift */ = {isa = PBXFileReference; lastKnownFileType = sourcecode.swift; path = AppDelegate.swift; sourceTree = "<group>"; };
		FF89C7502383CCDE00B87586 /* SceneDelegate.swift */ = {isa = PBXFileReference; lastKnownFileType = sourcecode.swift; path = SceneDelegate.swift; sourceTree = "<group>"; };
		FF89C7522383CCDE00B87586 /* ContentView.swift */ = {isa = PBXFileReference; lastKnownFileType = sourcecode.swift; path = ContentView.swift; sourceTree = "<group>"; };
		FF89C7542383CCDF00B87586 /* Assets.xcassets */ = {isa = PBXFileReference; lastKnownFileType = folder.assetcatalog; path = Assets.xcassets; sourceTree = "<group>"; };
		FF89C7572383CCDF00B87586 /* Preview Assets.xcassets */ = {isa = PBXFileReference; lastKnownFileType = folder.assetcatalog; path = "Preview Assets.xcassets"; sourceTree = "<group>"; };
		FF89C75A2383CCDF00B87586 /* Base */ = {isa = PBXFileReference; lastKnownFileType = file.storyboard; name = Base; path = Base.lproj/LaunchScreen.storyboard; sourceTree = "<group>"; };
		FF89C75C2383CCDF00B87586 /* Info.plist */ = {isa = PBXFileReference; lastKnownFileType = text.plist.xml; path = Info.plist; sourceTree = "<group>"; };
		FF89C7612383CCDF00B87586 /* MoviehubTests.xctest */ = {isa = PBXFileReference; explicitFileType = wrapper.cfbundle; includeInIndex = 0; path = MoviehubTests.xctest; sourceTree = BUILT_PRODUCTS_DIR; };
		FF89C7652383CCDF00B87586 /* MoviehubTests.swift */ = {isa = PBXFileReference; lastKnownFileType = sourcecode.swift; path = MoviehubTests.swift; sourceTree = "<group>"; };
		FF89C7672383CCDF00B87586 /* Info.plist */ = {isa = PBXFileReference; lastKnownFileType = text.plist.xml; path = Info.plist; sourceTree = "<group>"; };
		FFAEDD902384271D0021DD59 /* Store.swift */ = {isa = PBXFileReference; lastKnownFileType = sourcecode.swift; path = Store.swift; sourceTree = "<group>"; };
		FFCF38B023F990FC00C4617D /* AppEnvironment.swift */ = {isa = PBXFileReference; lastKnownFileType = sourcecode.swift; path = AppEnvironment.swift; sourceTree = "<group>"; };
/* End PBXFileReference section */

/* Begin PBXFrameworksBuildPhase section */
		FF89C7482383CCDE00B87586 /* Frameworks */ = {
			isa = PBXFrameworksBuildPhase;
			buildActionMask = 2147483647;
			files = (
				FF3F94B9249933EB00EB8FE0 /* ComposableArchitecture in Frameworks */,
				FFD1ACE923FBED6F00ED9F7E /* MoviehubAPI in Frameworks */,
				FF7AA688238AE31500447827 /* Overture in Frameworks */,
				FFD1ACED23FBED9700ED9F7E /* MoviehubSearch in Frameworks */,
				FFD1ACEB23FBED8700ED9F7E /* MoviehubTypes in Frameworks */,
			);
			runOnlyForDeploymentPostprocessing = 0;
		};
		FF89C75E2383CCDF00B87586 /* Frameworks */ = {
			isa = PBXFrameworksBuildPhase;
			buildActionMask = 2147483647;
			files = (
			);
			runOnlyForDeploymentPostprocessing = 0;
		};
/* End PBXFrameworksBuildPhase section */

/* Begin PBXGroup section */
		FF89C7422383CCDE00B87586 = {
			isa = PBXGroup;
			children = (
				FF89C74D2383CCDE00B87586 /* Moviehub */,
				FF89C7642383CCDF00B87586 /* MoviehubTests */,
				FF89C74C2383CCDE00B87586 /* Products */,
				FF89C7B92383E06000B87586 /* Frameworks */,
			);
			indentWidth = 2;
			sourceTree = "<group>";
			tabWidth = 2;
		};
		FF89C74C2383CCDE00B87586 /* Products */ = {
			isa = PBXGroup;
			children = (
				FF89C74B2383CCDE00B87586 /* Moviehub.app */,
				FF89C7612383CCDF00B87586 /* MoviehubTests.xctest */,
			);
			name = Products;
			sourceTree = "<group>";
		};
		FF89C74D2383CCDE00B87586 /* Moviehub */ = {
			isa = PBXGroup;
			children = (
				FFAEDD902384271D0021DD59 /* Store.swift */,
				FFCF38B023F990FC00C4617D /* AppEnvironment.swift */,
				FF89C74E2383CCDE00B87586 /* AppDelegate.swift */,
				FF89C7502383CCDE00B87586 /* SceneDelegate.swift */,
				FF89C7522383CCDE00B87586 /* ContentView.swift */,
				FF89C7542383CCDF00B87586 /* Assets.xcassets */,
				FF89C7592383CCDF00B87586 /* LaunchScreen.storyboard */,
				FF89C75C2383CCDF00B87586 /* Info.plist */,
				FF89C7562383CCDF00B87586 /* Preview Content */,
			);
			path = Moviehub;
			sourceTree = "<group>";
		};
		FF89C7562383CCDF00B87586 /* Preview Content */ = {
			isa = PBXGroup;
			children = (
				FF89C7572383CCDF00B87586 /* Preview Assets.xcassets */,
			);
			path = "Preview Content";
			sourceTree = "<group>";
		};
		FF89C7642383CCDF00B87586 /* MoviehubTests */ = {
			isa = PBXGroup;
			children = (
				FF89C7652383CCDF00B87586 /* MoviehubTests.swift */,
				FF89C7672383CCDF00B87586 /* Info.plist */,
			);
			path = MoviehubTests;
			sourceTree = "<group>";
		};
		FF89C7B92383E06000B87586 /* Frameworks */ = {
			isa = PBXGroup;
			children = (
			);
			name = Frameworks;
			sourceTree = "<group>";
		};
/* End PBXGroup section */

/* Begin PBXNativeTarget section */
		FF89C74A2383CCDE00B87586 /* Moviehub */ = {
			isa = PBXNativeTarget;
			buildConfigurationList = FF89C76A2383CCDF00B87586 /* Build configuration list for PBXNativeTarget "Moviehub" */;
			buildPhases = (
				FF89C7472383CCDE00B87586 /* Sources */,
				FF89C7482383CCDE00B87586 /* Frameworks */,
				FF89C7492383CCDE00B87586 /* Resources */,
				FF89C78F2383CE5200B87586 /* Embed Frameworks */,
				FFA90038238AEE0D0079046B /* ShellScript */,
			);
			buildRules = (
			);
			dependencies = (
			);
			name = Moviehub;
			packageProductDependencies = (
				FF7AA687238AE31500447827 /* Overture */,
				FFD1ACE823FBED6F00ED9F7E /* MoviehubAPI */,
				FFD1ACEA23FBED8700ED9F7E /* MoviehubTypes */,
				FFD1ACEC23FBED9700ED9F7E /* MoviehubSearch */,
				FF3F94B8249933EB00EB8FE0 /* ComposableArchitecture */,
			);
			productName = Moviehub;
			productReference = FF89C74B2383CCDE00B87586 /* Moviehub.app */;
			productType = "com.apple.product-type.application";
		};
		FF89C7602383CCDF00B87586 /* MoviehubTests */ = {
			isa = PBXNativeTarget;
			buildConfigurationList = FF89C76D2383CCDF00B87586 /* Build configuration list for PBXNativeTarget "MoviehubTests" */;
			buildPhases = (
				FF89C75D2383CCDF00B87586 /* Sources */,
				FF89C75E2383CCDF00B87586 /* Frameworks */,
				FF89C75F2383CCDF00B87586 /* Resources */,
				FF3DB63A2461560D00E9B67B /* Embed Frameworks */,
			);
			buildRules = (
			);
			dependencies = (
				FF89C7632383CCDF00B87586 /* PBXTargetDependency */,
			);
			name = MoviehubTests;
			packageProductDependencies = (
			);
			productName = MoviehubTests;
			productReference = FF89C7612383CCDF00B87586 /* MoviehubTests.xctest */;
			productType = "com.apple.product-type.bundle.unit-test";
		};
/* End PBXNativeTarget section */

/* Begin PBXProject section */
		FF89C7432383CCDE00B87586 /* Project object */ = {
			isa = PBXProject;
			attributes = {
				LastSwiftUpdateCheck = 1120;
				LastUpgradeCheck = 1110;
				ORGANIZATIONNAME = "Oskar Ek";
				TargetAttributes = {
					FF89C74A2383CCDE00B87586 = {
						CreatedOnToolsVersion = 11.1;
					};
					FF89C7602383CCDF00B87586 = {
						CreatedOnToolsVersion = 11.1;
						TestTargetID = FF89C74A2383CCDE00B87586;
					};
				};
			};
			buildConfigurationList = FF89C7462383CCDE00B87586 /* Build configuration list for PBXProject "Moviehub" */;
			compatibilityVersion = "Xcode 9.3";
			developmentRegion = en;
			hasScannedForEncodings = 0;
			knownRegions = (
				en,
				Base,
			);
			mainGroup = FF89C7422383CCDE00B87586;
			packageReferences = (
				FF7AA686238AE31500447827 /* XCRemoteSwiftPackageReference "swift-overture" */,
				FF3F94B7249933EB00EB8FE0 /* XCRemoteSwiftPackageReference "swift-composable-architecture" */,
			);
			productRefGroup = FF89C74C2383CCDE00B87586 /* Products */;
			projectDirPath = "";
			projectRoot = "";
			targets = (
				FF89C74A2383CCDE00B87586 /* Moviehub */,
				FF89C7602383CCDF00B87586 /* MoviehubTests */,
			);
		};
/* End PBXProject section */

/* Begin PBXResourcesBuildPhase section */
		FF89C7492383CCDE00B87586 /* Resources */ = {
			isa = PBXResourcesBuildPhase;
			buildActionMask = 2147483647;
			files = (
				FF89C75B2383CCDF00B87586 /* LaunchScreen.storyboard in Resources */,
				FF89C7582383CCDF00B87586 /* Preview Assets.xcassets in Resources */,
				FF89C7552383CCDF00B87586 /* Assets.xcassets in Resources */,
			);
			runOnlyForDeploymentPostprocessing = 0;
		};
		FF89C75F2383CCDF00B87586 /* Resources */ = {
			isa = PBXResourcesBuildPhase;
			buildActionMask = 2147483647;
			files = (
			);
			runOnlyForDeploymentPostprocessing = 0;
		};
/* End PBXResourcesBuildPhase section */

/* Begin PBXShellScriptBuildPhase section */
		FFA90038238AEE0D0079046B /* ShellScript */ = {
			isa = PBXShellScriptBuildPhase;
			buildActionMask = 2147483647;
			files = (
			);
			inputFileListPaths = (
			);
			inputPaths = (
			);
			outputFileListPaths = (
			);
			outputPaths = (
			);
			runOnlyForDeploymentPostprocessing = 0;
			shellPath = /bin/sh;
			shellScript = "Tools/swiftlint\n";
		};
/* End PBXShellScriptBuildPhase section */

/* Begin PBXSourcesBuildPhase section */
		FF89C7472383CCDE00B87586 /* Sources */ = {
			isa = PBXSourcesBuildPhase;
			buildActionMask = 2147483647;
			files = (
				FFCF38B123F990FC00C4617D /* AppEnvironment.swift in Sources */,
				FF89C74F2383CCDE00B87586 /* AppDelegate.swift in Sources */,
				FF89C7512383CCDE00B87586 /* SceneDelegate.swift in Sources */,
				FF89C7532383CCDE00B87586 /* ContentView.swift in Sources */,
				FFAEDD912384271D0021DD59 /* Store.swift in Sources */,
			);
			runOnlyForDeploymentPostprocessing = 0;
		};
		FF89C75D2383CCDF00B87586 /* Sources */ = {
			isa = PBXSourcesBuildPhase;
			buildActionMask = 2147483647;
			files = (
				FF89C7662383CCDF00B87586 /* MoviehubTests.swift in Sources */,
			);
			runOnlyForDeploymentPostprocessing = 0;
		};
/* End PBXSourcesBuildPhase section */

/* Begin PBXTargetDependency section */
		FF89C7632383CCDF00B87586 /* PBXTargetDependency */ = {
			isa = PBXTargetDependency;
			target = FF89C74A2383CCDE00B87586 /* Moviehub */;
			targetProxy = FF89C7622383CCDF00B87586 /* PBXContainerItemProxy */;
		};
/* End PBXTargetDependency section */

/* Begin PBXVariantGroup section */
		FF89C7592383CCDF00B87586 /* LaunchScreen.storyboard */ = {
			isa = PBXVariantGroup;
			children = (
				FF89C75A2383CCDF00B87586 /* Base */,
			);
			name = LaunchScreen.storyboard;
			sourceTree = "<group>";
		};
/* End PBXVariantGroup section */

/* Begin XCBuildConfiguration section */
		FF89C7682383CCDF00B87586 /* Debug */ = {
			isa = XCBuildConfiguration;
			buildSettings = {
				ALWAYS_SEARCH_USER_PATHS = NO;
				CLANG_ANALYZER_NONNULL = YES;
				CLANG_ANALYZER_NUMBER_OBJECT_CONVERSION = YES_AGGRESSIVE;
				CLANG_CXX_LANGUAGE_STANDARD = "gnu++14";
				CLANG_CXX_LIBRARY = "libc++";
				CLANG_ENABLE_MODULES = YES;
				CLANG_ENABLE_OBJC_ARC = YES;
				CLANG_ENABLE_OBJC_WEAK = YES;
				CLANG_WARN_BLOCK_CAPTURE_AUTORELEASING = YES;
				CLANG_WARN_BOOL_CONVERSION = YES;
				CLANG_WARN_COMMA = YES;
				CLANG_WARN_CONSTANT_CONVERSION = YES;
				CLANG_WARN_DEPRECATED_OBJC_IMPLEMENTATIONS = YES;
				CLANG_WARN_DIRECT_OBJC_ISA_USAGE = YES_ERROR;
				CLANG_WARN_DOCUMENTATION_COMMENTS = YES;
				CLANG_WARN_EMPTY_BODY = YES;
				CLANG_WARN_ENUM_CONVERSION = YES;
				CLANG_WARN_INFINITE_RECURSION = YES;
				CLANG_WARN_INT_CONVERSION = YES;
				CLANG_WARN_NON_LITERAL_NULL_CONVERSION = YES;
				CLANG_WARN_OBJC_IMPLICIT_RETAIN_SELF = YES;
				CLANG_WARN_OBJC_LITERAL_CONVERSION = YES;
				CLANG_WARN_OBJC_ROOT_CLASS = YES_ERROR;
				CLANG_WARN_RANGE_LOOP_ANALYSIS = YES;
				CLANG_WARN_STRICT_PROTOTYPES = YES;
				CLANG_WARN_SUSPICIOUS_MOVE = YES;
				CLANG_WARN_UNGUARDED_AVAILABILITY = YES_AGGRESSIVE;
				CLANG_WARN_UNREACHABLE_CODE = YES;
				CLANG_WARN__DUPLICATE_METHOD_MATCH = YES;
				COPY_PHASE_STRIP = NO;
				DEBUG_INFORMATION_FORMAT = dwarf;
				ENABLE_STRICT_OBJC_MSGSEND = YES;
				ENABLE_TESTABILITY = YES;
				GCC_C_LANGUAGE_STANDARD = gnu11;
				GCC_DYNAMIC_NO_PIC = NO;
				GCC_NO_COMMON_BLOCKS = YES;
				GCC_OPTIMIZATION_LEVEL = 0;
				GCC_PREPROCESSOR_DEFINITIONS = (
					"DEBUG=1",
					"$(inherited)",
				);
				GCC_WARN_64_TO_32_BIT_CONVERSION = YES;
				GCC_WARN_ABOUT_RETURN_TYPE = YES_ERROR;
				GCC_WARN_UNDECLARED_SELECTOR = YES;
				GCC_WARN_UNINITIALIZED_AUTOS = YES_AGGRESSIVE;
				GCC_WARN_UNUSED_FUNCTION = YES;
				GCC_WARN_UNUSED_VARIABLE = YES;
				IPHONEOS_DEPLOYMENT_TARGET = 13.1;
				MTL_ENABLE_DEBUG_INFO = INCLUDE_SOURCE;
				MTL_FAST_MATH = YES;
				ONLY_ACTIVE_ARCH = YES;
				SDKROOT = iphoneos;
				SWIFT_ACTIVE_COMPILATION_CONDITIONS = DEBUG;
				SWIFT_OPTIMIZATION_LEVEL = "-Onone";
			};
			name = Debug;
		};
		FF89C7692383CCDF00B87586 /* Release */ = {
			isa = XCBuildConfiguration;
			buildSettings = {
				ALWAYS_SEARCH_USER_PATHS = NO;
				CLANG_ANALYZER_NONNULL = YES;
				CLANG_ANALYZER_NUMBER_OBJECT_CONVERSION = YES_AGGRESSIVE;
				CLANG_CXX_LANGUAGE_STANDARD = "gnu++14";
				CLANG_CXX_LIBRARY = "libc++";
				CLANG_ENABLE_MODULES = YES;
				CLANG_ENABLE_OBJC_ARC = YES;
				CLANG_ENABLE_OBJC_WEAK = YES;
				CLANG_WARN_BLOCK_CAPTURE_AUTORELEASING = YES;
				CLANG_WARN_BOOL_CONVERSION = YES;
				CLANG_WARN_COMMA = YES;
				CLANG_WARN_CONSTANT_CONVERSION = YES;
				CLANG_WARN_DEPRECATED_OBJC_IMPLEMENTATIONS = YES;
				CLANG_WARN_DIRECT_OBJC_ISA_USAGE = YES_ERROR;
				CLANG_WARN_DOCUMENTATION_COMMENTS = YES;
				CLANG_WARN_EMPTY_BODY = YES;
				CLANG_WARN_ENUM_CONVERSION = YES;
				CLANG_WARN_INFINITE_RECURSION = YES;
				CLANG_WARN_INT_CONVERSION = YES;
				CLANG_WARN_NON_LITERAL_NULL_CONVERSION = YES;
				CLANG_WARN_OBJC_IMPLICIT_RETAIN_SELF = YES;
				CLANG_WARN_OBJC_LITERAL_CONVERSION = YES;
				CLANG_WARN_OBJC_ROOT_CLASS = YES_ERROR;
				CLANG_WARN_RANGE_LOOP_ANALYSIS = YES;
				CLANG_WARN_STRICT_PROTOTYPES = YES;
				CLANG_WARN_SUSPICIOUS_MOVE = YES;
				CLANG_WARN_UNGUARDED_AVAILABILITY = YES_AGGRESSIVE;
				CLANG_WARN_UNREACHABLE_CODE = YES;
				CLANG_WARN__DUPLICATE_METHOD_MATCH = YES;
				COPY_PHASE_STRIP = NO;
				DEBUG_INFORMATION_FORMAT = "dwarf-with-dsym";
				ENABLE_NS_ASSERTIONS = NO;
				ENABLE_STRICT_OBJC_MSGSEND = YES;
				GCC_C_LANGUAGE_STANDARD = gnu11;
				GCC_NO_COMMON_BLOCKS = YES;
				GCC_WARN_64_TO_32_BIT_CONVERSION = YES;
				GCC_WARN_ABOUT_RETURN_TYPE = YES_ERROR;
				GCC_WARN_UNDECLARED_SELECTOR = YES;
				GCC_WARN_UNINITIALIZED_AUTOS = YES_AGGRESSIVE;
				GCC_WARN_UNUSED_FUNCTION = YES;
				GCC_WARN_UNUSED_VARIABLE = YES;
				IPHONEOS_DEPLOYMENT_TARGET = 13.1;
				MTL_ENABLE_DEBUG_INFO = NO;
				MTL_FAST_MATH = YES;
				SDKROOT = iphoneos;
				SWIFT_COMPILATION_MODE = wholemodule;
				SWIFT_OPTIMIZATION_LEVEL = "-O";
				VALIDATE_PRODUCT = YES;
			};
			name = Release;
		};
		FF89C76B2383CCDF00B87586 /* Debug */ = {
			isa = XCBuildConfiguration;
			buildSettings = {
				ASSETCATALOG_COMPILER_APPICON_NAME = AppIcon;
				CODE_SIGN_STYLE = Automatic;
				DEVELOPMENT_ASSET_PATHS = "\"Moviehub/Preview Content\"";
				DEVELOPMENT_TEAM = 6XNB472P6E;
				ENABLE_PREVIEWS = YES;
				INFOPLIST_FILE = Moviehub/Info.plist;
				LD_RUNPATH_SEARCH_PATHS = (
					"$(inherited)",
					"@executable_path/Frameworks",
				);
				PRODUCT_BUNDLE_IDENTIFIER = com.OskarApps.Moviehub;
				PRODUCT_NAME = "$(TARGET_NAME)";
				SWIFT_VERSION = 5.0;
				TARGETED_DEVICE_FAMILY = "1,2";
			};
			name = Debug;
		};
		FF89C76C2383CCDF00B87586 /* Release */ = {
			isa = XCBuildConfiguration;
			buildSettings = {
				ASSETCATALOG_COMPILER_APPICON_NAME = AppIcon;
				CODE_SIGN_STYLE = Automatic;
				DEVELOPMENT_ASSET_PATHS = "\"Moviehub/Preview Content\"";
				DEVELOPMENT_TEAM = 6XNB472P6E;
				ENABLE_PREVIEWS = YES;
				INFOPLIST_FILE = Moviehub/Info.plist;
				LD_RUNPATH_SEARCH_PATHS = (
					"$(inherited)",
					"@executable_path/Frameworks",
				);
				PRODUCT_BUNDLE_IDENTIFIER = com.OskarApps.Moviehub;
				PRODUCT_NAME = "$(TARGET_NAME)";
				SWIFT_VERSION = 5.0;
				TARGETED_DEVICE_FAMILY = "1,2";
			};
			name = Release;
		};
		FF89C76E2383CCDF00B87586 /* Debug */ = {
			isa = XCBuildConfiguration;
			buildSettings = {
				ALWAYS_EMBED_SWIFT_STANDARD_LIBRARIES = YES;
				BUNDLE_LOADER = "$(TEST_HOST)";
				CODE_SIGN_STYLE = Automatic;
				DEVELOPMENT_TEAM = 6XNB472P6E;
				INFOPLIST_FILE = MoviehubTests/Info.plist;
				IPHONEOS_DEPLOYMENT_TARGET = 13.1;
				LD_RUNPATH_SEARCH_PATHS = (
					"$(inherited)",
					"@executable_path/Frameworks",
					"@loader_path/Frameworks",
				);
				PRODUCT_BUNDLE_IDENTIFIER = com.OskarApps.MoviehubTests;
				PRODUCT_NAME = "$(TARGET_NAME)";
				SWIFT_VERSION = 5.0;
				TARGETED_DEVICE_FAMILY = "1,2";
				TEST_HOST = "$(BUILT_PRODUCTS_DIR)/Moviehub.app/Moviehub";
			};
			name = Debug;
		};
		FF89C76F2383CCDF00B87586 /* Release */ = {
			isa = XCBuildConfiguration;
			buildSettings = {
				ALWAYS_EMBED_SWIFT_STANDARD_LIBRARIES = YES;
				BUNDLE_LOADER = "$(TEST_HOST)";
				CODE_SIGN_STYLE = Automatic;
				DEVELOPMENT_TEAM = 6XNB472P6E;
				INFOPLIST_FILE = MoviehubTests/Info.plist;
				IPHONEOS_DEPLOYMENT_TARGET = 13.1;
				LD_RUNPATH_SEARCH_PATHS = (
					"$(inherited)",
					"@executable_path/Frameworks",
					"@loader_path/Frameworks",
				);
				PRODUCT_BUNDLE_IDENTIFIER = com.OskarApps.MoviehubTests;
				PRODUCT_NAME = "$(TARGET_NAME)";
				SWIFT_VERSION = 5.0;
				TARGETED_DEVICE_FAMILY = "1,2";
				TEST_HOST = "$(BUILT_PRODUCTS_DIR)/Moviehub.app/Moviehub";
			};
			name = Release;
		};
/* End XCBuildConfiguration section */

/* Begin XCConfigurationList section */
		FF89C7462383CCDE00B87586 /* Build configuration list for PBXProject "Moviehub" */ = {
			isa = XCConfigurationList;
			buildConfigurations = (
				FF89C7682383CCDF00B87586 /* Debug */,
				FF89C7692383CCDF00B87586 /* Release */,
			);
			defaultConfigurationIsVisible = 0;
			defaultConfigurationName = Release;
		};
		FF89C76A2383CCDF00B87586 /* Build configuration list for PBXNativeTarget "Moviehub" */ = {
			isa = XCConfigurationList;
			buildConfigurations = (
				FF89C76B2383CCDF00B87586 /* Debug */,
				FF89C76C2383CCDF00B87586 /* Release */,
			);
			defaultConfigurationIsVisible = 0;
			defaultConfigurationName = Release;
		};
		FF89C76D2383CCDF00B87586 /* Build configuration list for PBXNativeTarget "MoviehubTests" */ = {
			isa = XCConfigurationList;
			buildConfigurations = (
				FF89C76E2383CCDF00B87586 /* Debug */,
				FF89C76F2383CCDF00B87586 /* Release */,
			);
			defaultConfigurationIsVisible = 0;
			defaultConfigurationName = Release;
		};
/* End XCConfigurationList section */

/* Begin XCRemoteSwiftPackageReference section */
		FF3F94B7249933EB00EB8FE0 /* XCRemoteSwiftPackageReference "swift-composable-architecture" */ = {
			isa = XCRemoteSwiftPackageReference;
			repositoryURL = "git@github.com:pointfreeco/swift-composable-architecture.git";
			requirement = {
				kind = upToNextMajorVersion;
				minimumVersion = 0.4.0;
			};
		};
		FF7AA686238AE31500447827 /* XCRemoteSwiftPackageReference "swift-overture" */ = {
			isa = XCRemoteSwiftPackageReference;
			repositoryURL = "https://github.com/pointfreeco/swift-overture.git";
			requirement = {
				kind = upToNextMajorVersion;
				minimumVersion = 0.5.0;
			};
		};
/* End XCRemoteSwiftPackageReference section */

/* Begin XCSwiftPackageProductDependency section */
		FF3F94B8249933EB00EB8FE0 /* ComposableArchitecture */ = {
			isa = XCSwiftPackageProductDependency;
			package = FF3F94B7249933EB00EB8FE0 /* XCRemoteSwiftPackageReference "swift-composable-architecture" */;
			productName = ComposableArchitecture;
		};
		FF7AA687238AE31500447827 /* Overture */ = {
			isa = XCSwiftPackageProductDependency;
			package = FF7AA686238AE31500447827 /* XCRemoteSwiftPackageReference "swift-overture" */;
			productName = Overture;
		};
		FFD1ACE823FBED6F00ED9F7E /* MoviehubAPI */ = {
			isa = XCSwiftPackageProductDependency;
			productName = MoviehubAPI;
		};
		FFD1ACEA23FBED8700ED9F7E /* MoviehubTypes */ = {
			isa = XCSwiftPackageProductDependency;
			productName = MoviehubTypes;
		};
		FFD1ACEC23FBED9700ED9F7E /* MoviehubSearch */ = {
			isa = XCSwiftPackageProductDependency;
			productName = MoviehubSearch;
		};
/* End XCSwiftPackageProductDependency section */
	};
	rootObject = FF89C7432383CCDE00B87586 /* Project object */;
}
